
Microsoft Visual Studio Solution File, Format Version 12.00
# Visual Studio Version 16
VisualStudioVersion = 16.0.30907.101
MinimumVisualStudioVersion = 10.0.40219.1
Project("{FAE04EC0-301F-11D3-BF4B-00C04F79EFBC}") = "arrays", "arrays\arrays.csproj", "{7D12972D-4EC2-4F54-A63D-D8A9E0424F25}"
EndProject
Project("{FAE04EC0-301F-11D3-BF4B-00C04F79EFBC}") = "arraySimple", "arraySimple\arraySimple.csproj", "{15184A2C-B186-4ABC-B750-BEDFFC11AA0C}"
EndProject
Global
	GlobalSection(SolutionConfigurationPlatforms) = preSolution
		Debug|Any CPU = Debug|Any CPU
		Release|Any CPU = Release|Any CPU
	EndGlobalSection
	GlobalSection(ProjectConfigurationPlatforms) = postSolution
		{7D12972D-4EC2-4F54-A63D-D8A9E0424F25}.Debug|Any CPU.ActiveCfg = Debug|Any CPU
		{7D12972D-4EC2-4F54-A63D-D8A9E0424F25}.Debug|Any CPU.Build.0 = Debug|Any CPU
		{7D12972D-4EC2-4F54-A63D-D8A9E0424F25}.Release|Any CPU.ActiveCfg = Release|Any CPU
		{7D12972D-4EC2-4F54-A63D-D8A9E0424F25}.Release|Any CPU.Build.0 = Release|Any CPU
		{15184A2C-B186-4ABC-B750-BEDFFC11AA0C}.Debug|Any CPU.ActiveCfg = Debug|Any CPU
		{15184A2C-B186-4ABC-B750-BEDFFC11AA0C}.Debug|Any CPU.Build.0 = Debug|Any CPU
		{15184A2C-B186-4ABC-B750-BEDFFC11AA0C}.Release|Any CPU.ActiveCfg = Release|Any CPU
		{15184A2C-B186-4ABC-B750-BEDFFC11AA0C}.Release|Any CPU.Build.0 = Release|Any CPU
	EndGlobalSection
	GlobalSection(SolutionProperties) = preSolution
		HideSolutionNode = FALSE
	EndGlobalSection
	GlobalSection(ExtensibilityGlobals) = postSolution
		SolutionGuid = {32415F2E-AC96-42A8-93F2-FBB7DAFB8E45}
	EndGlobalSection
EndGlobal
