
Microsoft Visual Studio Solution File, Format Version 12.00
# Visual Studio Version 16
VisualStudioVersion = 16.0.30907.101
MinimumVisualStudioVersion = 10.0.40219.1
Project("{FAE04EC0-301F-11D3-BF4B-00C04F79EFBC}") = "funcoesStrings", "funcoesStrings\funcoesStrings.csproj", "{9B4090B4-0E27-46A4-9229-375822E66019}"
EndProject
Global
	GlobalSection(SolutionConfigurationPlatforms) = preSolution
		Debug|Any CPU = Debug|Any CPU
		Release|Any CPU = Release|Any CPU
	EndGlobalSection
	GlobalSection(ProjectConfigurationPlatforms) = postSolution
		{9B4090B4-0E27-46A4-9229-375822E66019}.Debug|Any CPU.ActiveCfg = Debug|Any CPU
		{9B4090B4-0E27-46A4-9229-375822E66019}.Debug|Any CPU.Build.0 = Debug|Any CPU
		{9B4090B4-0E27-46A4-9229-375822E66019}.Release|Any CPU.ActiveCfg = Release|Any CPU
		{9B4090B4-0E27-46A4-9229-375822E66019}.Release|Any CPU.Build.0 = Release|Any CPU
	EndGlobalSection
	GlobalSection(SolutionProperties) = preSolution
		HideSolutionNode = FALSE
	EndGlobalSection
	GlobalSection(ExtensibilityGlobals) = postSolution
		SolutionGuid = {E7274EC9-BAA1-4401-85F1-CE438FF9DB47}
	EndGlobalSection
EndGlobal
