
Microsoft Visual Studio Solution File, Format Version 12.00
# Visual Studio Version 16
VisualStudioVersion = 16.0.30907.101
MinimumVisualStudioVersion = 10.0.40219.1
Project("{FAE04EC0-301F-11D3-BF4B-00C04F79EFBC}") = "propDateTime", "propDateTime\propDateTime.csproj", "{E7968970-BD05-4024-AFCE-DA6238771292}"
EndProject
Global
	GlobalSection(SolutionConfigurationPlatforms) = preSolution
		Debug|Any CPU = Debug|Any CPU
		Release|Any CPU = Release|Any CPU
	EndGlobalSection
	GlobalSection(ProjectConfigurationPlatforms) = postSolution
		{E7968970-BD05-4024-AFCE-DA6238771292}.Debug|Any CPU.ActiveCfg = Debug|Any CPU
		{E7968970-BD05-4024-AFCE-DA6238771292}.Debug|Any CPU.Build.0 = Debug|Any CPU
		{E7968970-BD05-4024-AFCE-DA6238771292}.Release|Any CPU.ActiveCfg = Release|Any CPU
		{E7968970-BD05-4024-AFCE-DA6238771292}.Release|Any CPU.Build.0 = Release|Any CPU
	EndGlobalSection
	GlobalSection(SolutionProperties) = preSolution
		HideSolutionNode = FALSE
	EndGlobalSection
	GlobalSection(ExtensibilityGlobals) = postSolution
		SolutionGuid = {A31BF44B-4FDD-4BCD-84B1-773032A7B328}
	EndGlobalSection
EndGlobal
